PODS:
  - AWSCore (2.2.6)
  - AWSS3 (2.2.6):
    - AWSCore (= 2.2.6)
  - AWSSimpleDB (2.2.6):
    - AWSCore (= 2.2.6)
  - CHCSVParser (2.1.0)

DEPENDENCIES:
  - AWSCore
  - AWSS3
  - AWSSimpleDB
  - CHCSVParser

SPEC CHECKSUMS:
  AWSCore: dd05203bf44d45b58b7667754ce4fa6f1bdb1c3e
  AWSS3: a8aeb5f8224236c2b1b46fdab14add3eff971fc4
  AWSSimpleDB: 56a8aae3cde205ef3270e46ed4a3e416e67d4d4e
  CHCSVParser: 3bcc7bdb72111a31222e95d57eacceefe4e537e8

COCOAPODS: 0.38.2
